{
  "name": "zhinnx-monorepo",
  "version": "2.0.0",
  "lockfileVersion": 3,
  "requires": true,
  "packages": {
    "": {
      "name": "zhinnx-monorepo",
      "version": "2.0.0",
      "workspaces": [
        "packages/*",
        "site",
        "examples/*"
      ]
    },
    "../packages/core": {},
    "../packages/server": {},
    "examples/starter": {
      "version": "1.0.0",
      "dependencies": {
        "@zhinnx/core": "file:../../packages/core",
        "@zhinnx/server": "file:../../packages/server"
      }
    },
    "examples/test-app": {
      "version": "1.0.0",
      "extraneous": true,
      "dependencies": {
        "zhinnx-core": "^2.0.0",
        "zhinnx-server": "^2.0.0"
      }
    },
    "examples/test-v2-1": {
      "dependencies": {
        "@zhinnx/core": "file:../../packages/core",
        "@zhinnx/font": "file:../../packages/font",
        "@zhinnx/server": "file:../../packages/server"
      }
    },
    "node_modules/@zhinnx/cli": {
      "resolved": "packages/cli",
      "link": true
    },
    "node_modules/@zhinnx/core": {
      "resolved": "packages/core",
      "link": true
    },
    "node_modules/@zhinnx/font": {
      "resolved": "packages/font",
      "link": true
    },
    "node_modules/@zhinnx/server": {
      "resolved": "packages/server",
      "link": true
    },
    "node_modules/starter": {
      "resolved": "examples/starter",
      "link": true
    },
    "node_modules/test-v2-1": {
      "resolved": "examples/test-v2-1",
      "link": true
    },
    "node_modules/zhinnx-site": {
      "resolved": "site",
      "link": true
    },
    "packages/cli": {
      "name": "@zhinnx/cli",
      "version": "2.1.0",
      "license": "MIT",
      "bin": {
        "zhinnx": "bin/zhinnx.js"
      }
    },
    "packages/core": {
      "name": "@zhinnx/core",
      "version": "2.1.0",
      "license": "MIT"
    },
    "packages/font": {
      "name": "@zhinnx/font",
      "version": "2.1.0",
      "license": "MIT"
    },
    "packages/server": {
      "name": "@zhinnx/server",
      "version": "2.1.0",
      "license": "MIT",
      "dependencies": {
        "@zhinnx/core": "^2.1.0"
      }
    },
    "site": {
      "name": "zhinnx-site",
      "version": "2.1.0",
      "dependencies": {
        "@zhinnx/core": "file:../../packages/core",
        "@zhinnx/server": "file:../../packages/server"
      }
    },
    "site/node_modules/@zhinnx/core": {
      "resolved": "../packages/core",
      "link": true
    },
    "site/node_modules/@zhinnx/server": {
      "resolved": "../packages/server",
      "link": true
    }
  }
}
